// !$*UTF8*$!
{
	archiveVersion = 1;
	classes = {
	};
	objectVersion = 56;
	objects = {

/* Begin PBXBuildFile section */
		0351671B2C0D3E6C00B208A8 /* SettingsViewController.swift in Sources */ = {isa = PBXBuildFile; fileRef = 0351671A2C0D3E6C00B208A8 /* SettingsViewController.swift */; };
		03D35C852C0CEC1300523AF7 /* AppDelegate.swift in Sources */ = {isa = PBXBuildFile; fileRef = 03D35C842C0CEC1300523AF7 /* AppDelegate.swift */; };
		03D35C872C0CEC1300523AF7 /* SceneDelegate.swift in Sources */ = {isa = PBXBuildFile; fileRef = 03D35C862C0CEC1300523AF7 /* SceneDelegate.swift */; };
		03D35C892C0CEC1300523AF7 /* ViewController.swift in Sources */ = {isa = PBXBuildFile; fileRef = 03D35C882C0CEC1300523AF7 /* ViewController.swift */; };
		03D35C8C2C0CEC1300523AF7 /* Main.storyboard in Resources */ = {isa = PBXBuildFile; fileRef = 03D35C8A2C0CEC1300523AF7 /* Main.storyboard */; };
		03D35C8F2C0CEC1300523AF7 /* Shopify.xcdatamodeld in Sources */ = {isa = PBXBuildFile; fileRef = 03D35C8D2C0CEC1300523AF7 /* Shopify.xcdatamodeld */; };
		03D35C912C0CEC3300523AF7 /* Assets.xcassets in Resources */ = {isa = PBXBuildFile; fileRef = 03D35C902C0CEC3300523AF7 /* Assets.xcassets */; };
		03D35C942C0CEC3300523AF7 /* LaunchScreen.storyboard in Resources */ = {isa = PBXBuildFile; fileRef = 03D35C922C0CEC3300523AF7 /* LaunchScreen.storyboard */; };
		03D35C9F2C0CEC3400523AF7 /* ShopifyTests.swift in Sources */ = {isa = PBXBuildFile; fileRef = 03D35C9E2C0CEC3400523AF7 /* ShopifyTests.swift */; };
		03D35CA92C0CEC3400523AF7 /* ShopifyUITests.swift in Sources */ = {isa = PBXBuildFile; fileRef = 03D35CA82C0CEC3400523AF7 /* ShopifyUITests.swift */; };
		03D35CAB2C0CEC3400523AF7 /* ShopifyUITestsLaunchTests.swift in Sources */ = {isa = PBXBuildFile; fileRef = 03D35CAA2C0CEC3400523AF7 /* ShopifyUITestsLaunchTests.swift */; };
		03D35CC12C0CED0B00523AF7 /* HomeViewModel.swift in Sources */ = {isa = PBXBuildFile; fileRef = 03D35CC02C0CED0B00523AF7 /* HomeViewModel.swift */; };
		03D35CC32C0CED2300523AF7 /* Second.storyboard in Resources */ = {isa = PBXBuildFile; fileRef = 03D35CC22C0CED2300523AF7 /* Second.storyboard */; };
		03D35CC52C0CED3700523AF7 /* third.storyboard in Resources */ = {isa = PBXBuildFile; fileRef = 03D35CC42C0CED3700523AF7 /* third.storyboard */; };
		03ED90ED2C0DCCC700EE0A50 /* HomeViewController.swift in Sources */ = {isa = PBXBuildFile; fileRef = 03ED90EC2C0DCCC700EE0A50 /* HomeViewController.swift */; };
		03ED90F12C0DCD5200EE0A50 /* SplashViewController.swift in Sources */ = {isa = PBXBuildFile; fileRef = 03ED90F02C0DCD5200EE0A50 /* SplashViewController.swift */; };
		03ED90F52C0DCED600EE0A50 /* OnbordingViewController.swift in Sources */ = {isa = PBXBuildFile; fileRef = 03ED90F42C0DCED600EE0A50 /* OnbordingViewController.swift */; };
		03ED90F82C0DD2E400EE0A50 /* Color.swift in Sources */ = {isa = PBXBuildFile; fileRef = 03ED90F72C0DD2E400EE0A50 /* Color.swift */; };
		3E9062E48B8C093AB275CAB3 /* Pods_Shopify.framework in Frameworks */ = {isa = PBXBuildFile; fileRef = F670E37743DB839BF0AE2DB2 /* Pods_Shopify.framework */; };
		8C35AF66B224495AAF7CD12A /* Pods_Shopify_ShopifyUITests.framework in Frameworks */ = {isa = PBXBuildFile; fileRef = 98394E6E9D062E8037B07F16 /* Pods_Shopify_ShopifyUITests.framework */; };
		E4724DE79BB277F9EB2CAF63 /* Pods_ShopifyTests.framework in Frameworks */ = {isa = PBXBuildFile; fileRef = 75244E20E1F9E8DDADB573A0 /* Pods_ShopifyTests.framework */; };
/* End PBXBuildFile section */

/* Begin PBXContainerItemProxy section */
		03D35C9B2C0CEC3400523AF7 /* PBXContainerItemProxy */ = {
			isa = PBXContainerItemProxy;
			containerPortal = 03D35C792C0CEC1300523AF7 /* Project object */;
			proxyType = 1;
			remoteGlobalIDString = 03D35C802C0CEC1300523AF7;
			remoteInfo = Shopify;
		};
		03D35CA52C0CEC3400523AF7 /* PBXContainerItemProxy */ = {
			isa = PBXContainerItemProxy;
			containerPortal = 03D35C792C0CEC1300523AF7 /* Project object */;
			proxyType = 1;
			remoteGlobalIDString = 03D35C802C0CEC1300523AF7;
			remoteInfo = Shopify;
		};
/* End PBXContainerItemProxy section */

/* Begin PBXFileReference section */
		0351671A2C0D3E6C00B208A8 /* SettingsViewController.swift */ = {isa = PBXFileReference; lastKnownFileType = sourcecode.swift; path = SettingsViewController.swift; sourceTree = "<group>"; };
		03D35C812C0CEC1300523AF7 /* Shopify.app */ = {isa = PBXFileReference; explicitFileType = wrapper.application; includeInIndex = 0; path = Shopify.app; sourceTree = BUILT_PRODUCTS_DIR; };
		03D35C842C0CEC1300523AF7 /* AppDelegate.swift */ = {isa = PBXFileReference; lastKnownFileType = sourcecode.swift; path = AppDelegate.swift; sourceTree = "<group>"; };
		03D35C862C0CEC1300523AF7 /* SceneDelegate.swift */ = {isa = PBXFileReference; lastKnownFileType = sourcecode.swift; path = SceneDelegate.swift; sourceTree = "<group>"; };
		03D35C882C0CEC1300523AF7 /* ViewController.swift */ = {isa = PBXFileReference; lastKnownFileType = sourcecode.swift; path = ViewController.swift; sourceTree = "<group>"; };
		03D35C8B2C0CEC1300523AF7 /* Base */ = {isa = PBXFileReference; lastKnownFileType = file.storyboard; name = Base; path = Base.lproj/Main.storyboard; sourceTree = "<group>"; };
		03D35C8E2C0CEC1300523AF7 /* Shopify.xcdatamodel */ = {isa = PBXFileReference; lastKnownFileType = wrapper.xcdatamodel; path = Shopify.xcdatamodel; sourceTree = "<group>"; };
		03D35C902C0CEC3300523AF7 /* Assets.xcassets */ = {isa = PBXFileReference; lastKnownFileType = folder.assetcatalog; path = Assets.xcassets; sourceTree = "<group>"; };
		03D35C932C0CEC3300523AF7 /* Base */ = {isa = PBXFileReference; lastKnownFileType = file.storyboard; name = Base; path = Base.lproj/LaunchScreen.storyboard; sourceTree = "<group>"; };
		03D35C952C0CEC3300523AF7 /* Info.plist */ = {isa = PBXFileReference; lastKnownFileType = text.plist.xml; path = Info.plist; sourceTree = "<group>"; };
		03D35C9A2C0CEC3400523AF7 /* ShopifyTests.xctest */ = {isa = PBXFileReference; explicitFileType = wrapper.cfbundle; includeInIndex = 0; path = ShopifyTests.xctest; sourceTree = BUILT_PRODUCTS_DIR; };
		03D35C9E2C0CEC3400523AF7 /* ShopifyTests.swift */ = {isa = PBXFileReference; lastKnownFileType = sourcecode.swift; path = ShopifyTests.swift; sourceTree = "<group>"; };
		03D35CA42C0CEC3400523AF7 /* ShopifyUITests.xctest */ = {isa = PBXFileReference; explicitFileType = wrapper.cfbundle; includeInIndex = 0; path = ShopifyUITests.xctest; sourceTree = BUILT_PRODUCTS_DIR; };
		03D35CA82C0CEC3400523AF7 /* ShopifyUITests.swift */ = {isa = PBXFileReference; lastKnownFileType = sourcecode.swift; path = ShopifyUITests.swift; sourceTree = "<group>"; };
		03D35CAA2C0CEC3400523AF7 /* ShopifyUITestsLaunchTests.swift */ = {isa = PBXFileReference; lastKnownFileType = sourcecode.swift; path = ShopifyUITestsLaunchTests.swift; sourceTree = "<group>"; };
		03D35CC02C0CED0B00523AF7 /* HomeViewModel.swift */ = {isa = PBXFileReference; lastKnownFileType = sourcecode.swift; path = HomeViewModel.swift; sourceTree = "<group>"; };
		03D35CC22C0CED2300523AF7 /* Second.storyboard */ = {isa = PBXFileReference; lastKnownFileType = file.storyboard; path = Second.storyboard; sourceTree = "<group>"; };
		03D35CC42C0CED3700523AF7 /* third.storyboard */ = {isa = PBXFileReference; lastKnownFileType = file.storyboard; path = third.storyboard; sourceTree = "<group>"; };
		03ED90EC2C0DCCC700EE0A50 /* HomeViewController.swift */ = {isa = PBXFileReference; lastKnownFileType = sourcecode.swift; path = HomeViewController.swift; sourceTree = "<group>"; };
		03ED90F02C0DCD5200EE0A50 /* SplashViewController.swift */ = {isa = PBXFileReference; lastKnownFileType = sourcecode.swift; path = SplashViewController.swift; sourceTree = "<group>"; };
		03ED90F42C0DCED600EE0A50 /* OnbordingViewController.swift */ = {isa = PBXFileReference; lastKnownFileType = sourcecode.swift; path = OnbordingViewController.swift; sourceTree = "<group>"; };
		03ED90F72C0DD2E400EE0A50 /* Color.swift */ = {isa = PBXFileReference; lastKnownFileType = sourcecode.swift; path = Color.swift; sourceTree = "<group>"; };
		32F3EAF027D02D4428DBD6A9 /* Pods-Shopify-ShopifyUITests.release.xcconfig */ = {isa = PBXFileReference; includeInIndex = 1; lastKnownFileType = text.xcconfig; name = "Pods-Shopify-ShopifyUITests.release.xcconfig"; path = "Target Support Files/Pods-Shopify-ShopifyUITests/Pods-Shopify-ShopifyUITests.release.xcconfig"; sourceTree = "<group>"; };
		75244E20E1F9E8DDADB573A0 /* Pods_ShopifyTests.framework */ = {isa = PBXFileReference; explicitFileType = wrapper.framework; includeInIndex = 0; path = Pods_ShopifyTests.framework; sourceTree = BUILT_PRODUCTS_DIR; };
		75A1868325D2BBC64C5D3B5D /* Pods-Shopify-ShopifyUITests.debug.xcconfig */ = {isa = PBXFileReference; includeInIndex = 1; lastKnownFileType = text.xcconfig; name = "Pods-Shopify-ShopifyUITests.debug.xcconfig"; path = "Target Support Files/Pods-Shopify-ShopifyUITests/Pods-Shopify-ShopifyUITests.debug.xcconfig"; sourceTree = "<group>"; };
		95B2A733B6C8163058600CF3 /* Pods-ShopifyTests.release.xcconfig */ = {isa = PBXFileReference; includeInIndex = 1; lastKnownFileType = text.xcconfig; name = "Pods-ShopifyTests.release.xcconfig"; path = "Target Support Files/Pods-ShopifyTests/Pods-ShopifyTests.release.xcconfig"; sourceTree = "<group>"; };
		98394E6E9D062E8037B07F16 /* Pods_Shopify_ShopifyUITests.framework */ = {isa = PBXFileReference; explicitFileType = wrapper.framework; includeInIndex = 0; path = Pods_Shopify_ShopifyUITests.framework; sourceTree = BUILT_PRODUCTS_DIR; };
		A00D8E516E16CDD62B974972 /* Pods-ShopifyTests.debug.xcconfig */ = {isa = PBXFileReference; includeInIndex = 1; lastKnownFileType = text.xcconfig; name = "Pods-ShopifyTests.debug.xcconfig"; path = "Target Support Files/Pods-ShopifyTests/Pods-ShopifyTests.debug.xcconfig"; sourceTree = "<group>"; };
		AB8432A456B335A436588B43 /* Pods-Shopify.debug.xcconfig */ = {isa = PBXFileReference; includeInIndex = 1; lastKnownFileType = text.xcconfig; name = "Pods-Shopify.debug.xcconfig"; path = "Target Support Files/Pods-Shopify/Pods-Shopify.debug.xcconfig"; sourceTree = "<group>"; };
		BD588E001B4F9F18A11CC722 /* Pods-Shopify.release.xcconfig */ = {isa = PBXFileReference; includeInIndex = 1; lastKnownFileType = text.xcconfig; name = "Pods-Shopify.release.xcconfig"; path = "Target Support Files/Pods-Shopify/Pods-Shopify.release.xcconfig"; sourceTree = "<group>"; };
		F670E37743DB839BF0AE2DB2 /* Pods_Shopify.framework */ = {isa = PBXFileReference; explicitFileType = wrapper.framework; includeInIndex = 0; path = Pods_Shopify.framework; sourceTree = BUILT_PRODUCTS_DIR; };
/* End PBXFileReference section */

/* Begin PBXFrameworksBuildPhase section */
		03D35C7E2C0CEC1300523AF7 /* Frameworks */ = {
			isa = PBXFrameworksBuildPhase;
			buildActionMask = 2147483647;
			files = (
				3E9062E48B8C093AB275CAB3 /* Pods_Shopify.framework in Frameworks */,
			);
			runOnlyForDeploymentPostprocessing = 0;
		};
		03D35C972C0CEC3400523AF7 /* Frameworks */ = {
			isa = PBXFrameworksBuildPhase;
			buildActionMask = 2147483647;
			files = (
				E4724DE79BB277F9EB2CAF63 /* Pods_ShopifyTests.framework in Frameworks */,
			);
			runOnlyForDeploymentPostprocessing = 0;
		};
		03D35CA12C0CEC3400523AF7 /* Frameworks */ = {
			isa = PBXFrameworksBuildPhase;
			buildActionMask = 2147483647;
			files = (
				8C35AF66B224495AAF7CD12A /* Pods_Shopify_ShopifyUITests.framework in Frameworks */,
			);
			runOnlyForDeploymentPostprocessing = 0;
		};
/* End PBXFrameworksBuildPhase section */

/* Begin PBXGroup section */
		035167172C0D3E0700B208A8 /* Settings */ = {
			isa = PBXGroup;
			children = (
				035167192C0D3E3800B208A8 /* view model */,
				035167182C0D3E2D00B208A8 /* view */,
			);
			path = Settings;
			sourceTree = "<group>";
		};
		035167182C0D3E2D00B208A8 /* view */ = {
			isa = PBXGroup;
			children = (
				0351671A2C0D3E6C00B208A8 /* SettingsViewController.swift */,
			);
			path = view;
			sourceTree = "<group>";
		};
		035167192C0D3E3800B208A8 /* view model */ = {
			isa = PBXGroup;
			children = (
			);
			path = "view model";
			sourceTree = "<group>";
		};
		03D35C782C0CEC1300523AF7 = {
			isa = PBXGroup;
			children = (
				03D35C832C0CEC1300523AF7 /* Shopify */,
				03D35C9D2C0CEC3400523AF7 /* ShopifyTests */,
				03D35CA72C0CEC3400523AF7 /* ShopifyUITests */,
				03D35C822C0CEC1300523AF7 /* Products */,
				0AA32DCBADBB684A000A8693 /* Pods */,
				19A4FB2717CF47A715AEF4C8 /* Frameworks */,
			);
			sourceTree = "<group>";
		};
		03D35C822C0CEC1300523AF7 /* Products */ = {
			isa = PBXGroup;
			children = (
				03D35C812C0CEC1300523AF7 /* Shopify.app */,
				03D35C9A2C0CEC3400523AF7 /* ShopifyTests.xctest */,
				03D35CA42C0CEC3400523AF7 /* ShopifyUITests.xctest */,
			);
			name = Products;
			sourceTree = "<group>";
		};
		03D35C832C0CEC1300523AF7 /* Shopify */ = {
			isa = PBXGroup;
			children = (
				03ED90F62C0DD2B400EE0A50 /* Utility */,
				03D35CBC2C0CECC400523AF7 /* Modules */,
				03D35CB92C0CEC6E00523AF7 /* Services */,
				03D35CB82C0CEC6200523AF7 /* View */,
				03D35CB72C0CEC5500523AF7 /* Model */,
				03D35C842C0CEC1300523AF7 /* AppDelegate.swift */,
				03D35C862C0CEC1300523AF7 /* SceneDelegate.swift */,
				03D35C882C0CEC1300523AF7 /* ViewController.swift */,
				03D35C902C0CEC3300523AF7 /* Assets.xcassets */,
				03D35C952C0CEC3300523AF7 /* Info.plist */,
				03D35C8D2C0CEC1300523AF7 /* Shopify.xcdatamodeld */,
			);
			path = Shopify;
			sourceTree = "<group>";
		};
		03D35C9D2C0CEC3400523AF7 /* ShopifyTests */ = {
			isa = PBXGroup;
			children = (
				03D35C9E2C0CEC3400523AF7 /* ShopifyTests.swift */,
			);
			path = ShopifyTests;
			sourceTree = "<group>";
		};
		03D35CA72C0CEC3400523AF7 /* ShopifyUITests */ = {
			isa = PBXGroup;
			children = (
				03D35CA82C0CEC3400523AF7 /* ShopifyUITests.swift */,
				03D35CAA2C0CEC3400523AF7 /* ShopifyUITestsLaunchTests.swift */,
			);
			path = ShopifyUITests;
			sourceTree = "<group>";
		};
		03D35CB72C0CEC5500523AF7 /* Model */ = {
			isa = PBXGroup;
			children = (
			);
			path = Model;
			sourceTree = "<group>";
		};
		03D35CB82C0CEC6200523AF7 /* View */ = {
			isa = PBXGroup;
			children = (
				03D35C922C0CEC3300523AF7 /* LaunchScreen.storyboard */,
				03D35C8A2C0CEC1300523AF7 /* Main.storyboard */,
				03D35CC22C0CED2300523AF7 /* Second.storyboard */,
				03D35CC42C0CED3700523AF7 /* third.storyboard */,
			);
			path = View;
			sourceTree = "<group>";
		};
		03D35CB92C0CEC6E00523AF7 /* Services */ = {
			isa = PBXGroup;
			children = (
				03D35CBB2C0CECAA00523AF7 /* Database service */,
				03D35CBA2C0CEC9300523AF7 /* Network service */,
			);
			path = Services;
			sourceTree = "<group>";
		};
		03D35CBA2C0CEC9300523AF7 /* Network service */ = {
			isa = PBXGroup;
			children = (
			);
			path = "Network service";
			sourceTree = "<group>";
		};
		03D35CBB2C0CECAA00523AF7 /* Database service */ = {
			isa = PBXGroup;
			children = (
			);
			path = "Database service";
			sourceTree = "<group>";
		};
		03D35CBC2C0CECC400523AF7 /* Modules */ = {
			isa = PBXGroup;
			children = (
				03ED90F22C0DCD6800EE0A50 /* Onbording Screen */,
				03ED90EE2C0DCCE100EE0A50 /* Splash Screen */,
				035167172C0D3E0700B208A8 /* Settings */,
				03D35CBD2C0CECD300523AF7 /* Home */,
			);
			path = Modules;
			sourceTree = "<group>";
		};
		03D35CBD2C0CECD300523AF7 /* Home */ = {
			isa = PBXGroup;
			children = (
				03D35CBF2C0CECE700523AF7 /* view model */,
				03D35CBE2C0CECE000523AF7 /* view */,
			);
			path = Home;
			sourceTree = "<group>";
		};
		03D35CBE2C0CECE000523AF7 /* view */ = {
			isa = PBXGroup;
			children = (
				03ED90EC2C0DCCC700EE0A50 /* HomeViewController.swift */,
			);
			path = view;
			sourceTree = "<group>";
		};
		03D35CBF2C0CECE700523AF7 /* view model */ = {
			isa = PBXGroup;
			children = (
				03D35CC02C0CED0B00523AF7 /* HomeViewModel.swift */,
			);
			path = "view model";
			sourceTree = "<group>";
		};
		03ED90EE2C0DCCE100EE0A50 /* Splash Screen */ = {
			isa = PBXGroup;
			children = (
				03ED90EF2C0DCD1A00EE0A50 /* view */,
			);
			name = "Splash Screen";
			path = "New Group";
			sourceTree = "<group>";
		};
		03ED90EF2C0DCD1A00EE0A50 /* view */ = {
			isa = PBXGroup;
			children = (
				03ED90F02C0DCD5200EE0A50 /* SplashViewController.swift */,
			);
			path = view;
			sourceTree = "<group>";
		};
		03ED90F22C0DCD6800EE0A50 /* Onbording Screen */ = {
			isa = PBXGroup;
			children = (
				03ED90F32C0DCE0900EE0A50 /* view */,
			);
			path = "Onbording Screen";
			sourceTree = "<group>";
		};
		03ED90F32C0DCE0900EE0A50 /* view */ = {
			isa = PBXGroup;
			children = (
				03ED90F42C0DCED600EE0A50 /* OnbordingViewController.swift */,
			);
			path = view;
			sourceTree = "<group>";
		};
		03ED90F62C0DD2B400EE0A50 /* Utility */ = {
			isa = PBXGroup;
			children = (
				03ED90F72C0DD2E400EE0A50 /* Color.swift */,
			);
			path = Utility;
			sourceTree = "<group>";
		};
		0AA32DCBADBB684A000A8693 /* Pods */ = {
			isa = PBXGroup;
			children = (
				AB8432A456B335A436588B43 /* Pods-Shopify.debug.xcconfig */,
				BD588E001B4F9F18A11CC722 /* Pods-Shopify.release.xcconfig */,
				75A1868325D2BBC64C5D3B5D /* Pods-Shopify-ShopifyUITests.debug.xcconfig */,
				32F3EAF027D02D4428DBD6A9 /* Pods-Shopify-ShopifyUITests.release.xcconfig */,
				A00D8E516E16CDD62B974972 /* Pods-ShopifyTests.debug.xcconfig */,
				95B2A733B6C8163058600CF3 /* Pods-ShopifyTests.release.xcconfig */,
			);
			path = Pods;
			sourceTree = "<group>";
		};
		19A4FB2717CF47A715AEF4C8 /* Frameworks */ = {
			isa = PBXGroup;
			children = (
				F670E37743DB839BF0AE2DB2 /* Pods_Shopify.framework */,
				98394E6E9D062E8037B07F16 /* Pods_Shopify_ShopifyUITests.framework */,
				75244E20E1F9E8DDADB573A0 /* Pods_ShopifyTests.framework */,
			);
			name = Frameworks;
			sourceTree = "<group>";
		};
/* End PBXGroup section */

/* Begin PBXNativeTarget section */
		03D35C802C0CEC1300523AF7 /* Shopify */ = {
			isa = PBXNativeTarget;
			buildConfigurationList = 03D35CAE2C0CEC3400523AF7 /* Build configuration list for PBXNativeTarget "Shopify" */;
			buildPhases = (
				4B5681AEC59EA9F8459591CE /* [CP] Check Pods Manifest.lock */,
				03D35C7D2C0CEC1300523AF7 /* Sources */,
				03D35C7E2C0CEC1300523AF7 /* Frameworks */,
				03D35C7F2C0CEC1300523AF7 /* Resources */,
				15B1FA1EE04302004F02DF39 /* [CP] Embed Pods Frameworks */,
			);
			buildRules = (
			);
			dependencies = (
			);
			name = Shopify;
			productName = Shopify;
			productReference = 03D35C812C0CEC1300523AF7 /* Shopify.app */;
			productType = "com.apple.product-type.application";
		};
		03D35C992C0CEC3400523AF7 /* ShopifyTests */ = {
			isa = PBXNativeTarget;
			buildConfigurationList = 03D35CB12C0CEC3400523AF7 /* Build configuration list for PBXNativeTarget "ShopifyTests" */;
			buildPhases = (
				7702B818BC8E88F650E1ABC9 /* [CP] Check Pods Manifest.lock */,
				03D35C962C0CEC3400523AF7 /* Sources */,
				03D35C972C0CEC3400523AF7 /* Frameworks */,
				03D35C982C0CEC3400523AF7 /* Resources */,
			);
			buildRules = (
			);
			dependencies = (
				03D35C9C2C0CEC3400523AF7 /* PBXTargetDependency */,
			);
			name = ShopifyTests;
			productName = ShopifyTests;
			productReference = 03D35C9A2C0CEC3400523AF7 /* ShopifyTests.xctest */;
			productType = "com.apple.product-type.bundle.unit-test";
		};
		03D35CA32C0CEC3400523AF7 /* ShopifyUITests */ = {
			isa = PBXNativeTarget;
			buildConfigurationList = 03D35CB42C0CEC3400523AF7 /* Build configuration list for PBXNativeTarget "ShopifyUITests" */;
			buildPhases = (
				6AB3352EF9C97D62ADE6C9EF /* [CP] Check Pods Manifest.lock */,
				03D35CA02C0CEC3400523AF7 /* Sources */,
				03D35CA12C0CEC3400523AF7 /* Frameworks */,
				03D35CA22C0CEC3400523AF7 /* Resources */,
				4B9FCA9AE03BA67DDC45B84F /* [CP] Embed Pods Frameworks */,
			);
			buildRules = (
			);
			dependencies = (
				03D35CA62C0CEC3400523AF7 /* PBXTargetDependency */,
			);
			name = ShopifyUITests;
			productName = ShopifyUITests;
			productReference = 03D35CA42C0CEC3400523AF7 /* ShopifyUITests.xctest */;
			productType = "com.apple.product-type.bundle.ui-testing";
		};
/* End PBXNativeTarget section */

/* Begin PBXProject section */
		03D35C792C0CEC1300523AF7 /* Project object */ = {
			isa = PBXProject;
			attributes = {
				BuildIndependentTargetsInParallel = 1;
				LastSwiftUpdateCheck = 1420;
				LastUpgradeCheck = 1420;
				TargetAttributes = {
					03D35C802C0CEC1300523AF7 = {
						CreatedOnToolsVersion = 14.2;
					};
					03D35C992C0CEC3400523AF7 = {
						CreatedOnToolsVersion = 14.2;
						TestTargetID = 03D35C802C0CEC1300523AF7;
					};
					03D35CA32C0CEC3400523AF7 = {
						CreatedOnToolsVersion = 14.2;
						TestTargetID = 03D35C802C0CEC1300523AF7;
					};
				};
			};
			buildConfigurationList = 03D35C7C2C0CEC1300523AF7 /* Build configuration list for PBXProject "Shopify" */;
			compatibilityVersion = "Xcode 14.0";
			developmentRegion = en;
			hasScannedForEncodings = 0;
			knownRegions = (
				en,
				Base,
			);
			mainGroup = 03D35C782C0CEC1300523AF7;
			productRefGroup = 03D35C822C0CEC1300523AF7 /* Products */;
			projectDirPath = "";
			projectRoot = "";
			targets = (
				03D35C802C0CEC1300523AF7 /* Shopify */,
				03D35C992C0CEC3400523AF7 /* ShopifyTests */,
				03D35CA32C0CEC3400523AF7 /* ShopifyUITests */,
			);
		};
/* End PBXProject section */

/* Begin PBXResourcesBuildPhase section */
		03D35C7F2C0CEC1300523AF7 /* Resources */ = {
			isa = PBXResourcesBuildPhase;
			buildActionMask = 2147483647;
			files = (
				03D35CC52C0CED3700523AF7 /* third.storyboard in Resources */,
				03D35CC32C0CED2300523AF7 /* Second.storyboard in Resources */,
				03D35C942C0CEC3300523AF7 /* LaunchScreen.storyboard in Resources */,
				03D35C912C0CEC3300523AF7 /* Assets.xcassets in Resources */,
				03D35C8C2C0CEC1300523AF7 /* Main.storyboard in Resources */,
			);
			runOnlyForDeploymentPostprocessing = 0;
		};
		03D35C982C0CEC3400523AF7 /* Resources */ = {
			isa = PBXResourcesBuildPhase;
			buildActionMask = 2147483647;
			files = (
			);
			runOnlyForDeploymentPostprocessing = 0;
		};
		03D35CA22C0CEC3400523AF7 /* Resources */ = {
			isa = PBXResourcesBuildPhase;
			buildActionMask = 2147483647;
			files = (
			);
			runOnlyForDeploymentPostprocessing = 0;
		};
/* End PBXResourcesBuildPhase section */

/* Begin PBXShellScriptBuildPhase section */
		15B1FA1EE04302004F02DF39 /* [CP] Embed Pods Frameworks */ = {
			isa = PBXShellScriptBuildPhase;
			buildActionMask = 2147483647;
			files = (
			);
			inputFileListPaths = (
				"${PODS_ROOT}/Target Support Files/Pods-Shopify/Pods-Shopify-frameworks-${CONFIGURATION}-input-files.xcfilelist",
			);
			name = "[CP] Embed Pods Frameworks";
			outputFileListPaths = (
				"${PODS_ROOT}/Target Support Files/Pods-Shopify/Pods-Shopify-frameworks-${CONFIGURATION}-output-files.xcfilelist",
			);
			runOnlyForDeploymentPostprocessing = 0;
			shellPath = /bin/sh;
			shellScript = "\"${PODS_ROOT}/Target Support Files/Pods-Shopify/Pods-Shopify-frameworks.sh\"\n";
			showEnvVarsInLog = 0;
		};
		4B5681AEC59EA9F8459591CE /* [CP] Check Pods Manifest.lock */ = {
			isa = PBXShellScriptBuildPhase;
			buildActionMask = 2147483647;
			files = (
			);
			inputFileListPaths = (
			);
			inputPaths = (
				"${PODS_PODFILE_DIR_PATH}/Podfile.lock",
				"${PODS_ROOT}/Manifest.lock",
			);
			name = "[CP] Check Pods Manifest.lock";
			outputFileListPaths = (
			);
			outputPaths = (
				"$(DERIVED_FILE_DIR)/Pods-Shopify-checkManifestLockResult.txt",
			);
			runOnlyForDeploymentPostprocessing = 0;
			shellPath = /bin/sh;
			shellScript = "diff \"${PODS_PODFILE_DIR_PATH}/Podfile.lock\" \"${PODS_ROOT}/Manifest.lock\" > /dev/null\nif [ $? != 0 ] ; then\n    # print error to STDERR\n    echo \"error: The sandbox is not in sync with the Podfile.lock. Run 'pod install' or update your CocoaPods installation.\" >&2\n    exit 1\nfi\n# This output is used by Xcode 'outputs' to avoid re-running this script phase.\necho \"SUCCESS\" > \"${SCRIPT_OUTPUT_FILE_0}\"\n";
			showEnvVarsInLog = 0;
		};
		4B9FCA9AE03BA67DDC45B84F /* [CP] Embed Pods Frameworks */ = {
			isa = PBXShellScriptBuildPhase;
			buildActionMask = 2147483647;
			files = (
			);
			inputFileListPaths = (
				"${PODS_ROOT}/Target Support Files/Pods-Shopify-ShopifyUITests/Pods-Shopify-ShopifyUITests-frameworks-${CONFIGURATION}-input-files.xcfilelist",
			);
			name = "[CP] Embed Pods Frameworks";
			outputFileListPaths = (
				"${PODS_ROOT}/Target Support Files/Pods-Shopify-ShopifyUITests/Pods-Shopify-ShopifyUITests-frameworks-${CONFIGURATION}-output-files.xcfilelist",
			);
			runOnlyForDeploymentPostprocessing = 0;
			shellPath = /bin/sh;
			shellScript = "\"${PODS_ROOT}/Target Support Files/Pods-Shopify-ShopifyUITests/Pods-Shopify-ShopifyUITests-frameworks.sh\"\n";
			showEnvVarsInLog = 0;
		};
		6AB3352EF9C97D62ADE6C9EF /* [CP] Check Pods Manifest.lock */ = {
			isa = PBXShellScriptBuildPhase;
			buildActionMask = 2147483647;
			files = (
			);
			inputFileListPaths = (
			);
			inputPaths = (
				"${PODS_PODFILE_DIR_PATH}/Podfile.lock",
				"${PODS_ROOT}/Manifest.lock",
			);
			name = "[CP] Check Pods Manifest.lock";
			outputFileListPaths = (
			);
			outputPaths = (
				"$(DERIVED_FILE_DIR)/Pods-Shopify-ShopifyUITests-checkManifestLockResult.txt",
			);
			runOnlyForDeploymentPostprocessing = 0;
			shellPath = /bin/sh;
			shellScript = "diff \"${PODS_PODFILE_DIR_PATH}/Podfile.lock\" \"${PODS_ROOT}/Manifest.lock\" > /dev/null\nif [ $? != 0 ] ; then\n    # print error to STDERR\n    echo \"error: The sandbox is not in sync with the Podfile.lock. Run 'pod install' or update your CocoaPods installation.\" >&2\n    exit 1\nfi\n# This output is used by Xcode 'outputs' to avoid re-running this script phase.\necho \"SUCCESS\" > \"${SCRIPT_OUTPUT_FILE_0}\"\n";
			showEnvVarsInLog = 0;
		};
		7702B818BC8E88F650E1ABC9 /* [CP] Check Pods Manifest.lock */ = {
			isa = PBXShellScriptBuildPhase;
			buildActionMask = 2147483647;
			files = (
			);
			inputFileListPaths = (
			);
			inputPaths = (
				"${PODS_PODFILE_DIR_PATH}/Podfile.lock",
				"${PODS_ROOT}/Manifest.lock",
			);
			name = "[CP] Check Pods Manifest.lock";
			outputFileListPaths = (
			);
			outputPaths = (
				"$(DERIVED_FILE_DIR)/Pods-ShopifyTests-checkManifestLockResult.txt",
			);
			runOnlyForDeploymentPostprocessing = 0;
			shellPath = /bin/sh;
			shellScript = "diff \"${PODS_PODFILE_DIR_PATH}/Podfile.lock\" \"${PODS_ROOT}/Manifest.lock\" > /dev/null\nif [ $? != 0 ] ; then\n    # print error to STDERR\n    echo \"error: The sandbox is not in sync with the Podfile.lock. Run 'pod install' or update your CocoaPods installation.\" >&2\n    exit 1\nfi\n# This output is used by Xcode 'outputs' to avoid re-running this script phase.\necho \"SUCCESS\" > \"${SCRIPT_OUTPUT_FILE_0}\"\n";
			showEnvVarsInLog = 0;
		};
/* End PBXShellScriptBuildPhase section */

/* Begin PBXSourcesBuildPhase section */
		03D35C7D2C0CEC1300523AF7 /* Sources */ = {
			isa = PBXSourcesBuildPhase;
			buildActionMask = 2147483647;
			files = (
				03ED90F52C0DCED600EE0A50 /* OnbordingViewController.swift in Sources */,
				03D35C892C0CEC1300523AF7 /* ViewController.swift in Sources */,
				03D35C852C0CEC1300523AF7 /* AppDelegate.swift in Sources */,
				03ED90F82C0DD2E400EE0A50 /* Color.swift in Sources */,
				03D35C8F2C0CEC1300523AF7 /* Shopify.xcdatamodeld in Sources */,
				03D35CC12C0CED0B00523AF7 /* HomeViewModel.swift in Sources */,
				03D35C872C0CEC1300523AF7 /* SceneDelegate.swift in Sources */,
				03ED90ED2C0DCCC700EE0A50 /* HomeViewController.swift in Sources */,
				0351671B2C0D3E6C00B208A8 /* SettingsViewController.swift in Sources */,
				03ED90F12C0DCD5200EE0A50 /* SplashViewController.swift in Sources */,
			);
			runOnlyForDeploymentPostprocessing = 0;
		};
		03D35C962C0CEC3400523AF7 /* Sources */ = {
			isa = PBXSourcesBuildPhase;
			buildActionMask = 2147483647;
			files = (
				03D35C9F2C0CEC3400523AF7 /* ShopifyTests.swift in Sources */,
			);
			runOnlyForDeploymentPostprocessing = 0;
		};
		03D35CA02C0CEC3400523AF7 /* Sources */ = {
			isa = PBXSourcesBuildPhase;
			buildActionMask = 2147483647;
			files = (
				03D35CA92C0CEC3400523AF7 /* ShopifyUITests.swift in Sources */,
				03D35CAB2C0CEC3400523AF7 /* ShopifyUITestsLaunchTests.swift in Sources */,
			);
			runOnlyForDeploymentPostprocessing = 0;
		};
/* End PBXSourcesBuildPhase section */

/* Begin PBXTargetDependency section */
		03D35C9C2C0CEC3400523AF7 /* PBXTargetDependency */ = {
			isa = PBXTargetDependency;
			target = 03D35C802C0CEC1300523AF7 /* Shopify */;
			targetProxy = 03D35C9B2C0CEC3400523AF7 /* PBXContainerItemProxy */;
		};
		03D35CA62C0CEC3400523AF7 /* PBXTargetDependency */ = {
			isa = PBXTargetDependency;
			target = 03D35C802C0CEC1300523AF7 /* Shopify */;
			targetProxy = 03D35CA52C0CEC3400523AF7 /* PBXContainerItemProxy */;
		};
/* End PBXTargetDependency section */

/* Begin PBXVariantGroup section */
		03D35C8A2C0CEC1300523AF7 /* Main.storyboard */ = {
			isa = PBXVariantGroup;
			children = (
				03D35C8B2C0CEC1300523AF7 /* Base */,
			);
			name = Main.storyboard;
			sourceTree = "<group>";
		};
		03D35C922C0CEC3300523AF7 /* LaunchScreen.storyboard */ = {
			isa = PBXVariantGroup;
			children = (
				03D35C932C0CEC3300523AF7 /* Base */,
			);
			name = LaunchScreen.storyboard;
			sourceTree = "<group>";
		};
/* End PBXVariantGroup section */

/* Begin XCBuildConfiguration section */
		03D35CAC2C0CEC3400523AF7 /* Debug */ = {
			isa = XCBuildConfiguration;
			buildSettings = {
				ALWAYS_SEARCH_USER_PATHS = NO;
				CLANG_ANALYZER_NONNULL = YES;
				CLANG_ANALYZER_NUMBER_OBJECT_CONVERSION = YES_AGGRESSIVE;
				CLANG_CXX_LANGUAGE_STANDARD = "gnu++20";
				CLANG_ENABLE_MODULES = YES;
				CLANG_ENABLE_OBJC_ARC = YES;
				CLANG_ENABLE_OBJC_WEAK = YES;
				CLANG_WARN_BLOCK_CAPTURE_AUTORELEASING = YES;
				CLANG_WARN_BOOL_CONVERSION = YES;
				CLANG_WARN_COMMA = YES;
				CLANG_WARN_CONSTANT_CONVERSION = YES;
				CLANG_WARN_DEPRECATED_OBJC_IMPLEMENTATIONS = YES;
				CLANG_WARN_DIRECT_OBJC_ISA_USAGE = YES_ERROR;
				CLANG_WARN_DOCUMENTATION_COMMENTS = YES;
				CLANG_WARN_EMPTY_BODY = YES;
				CLANG_WARN_ENUM_CONVERSION = YES;
				CLANG_WARN_INFINITE_RECURSION = YES;
				CLANG_WARN_INT_CONVERSION = YES;
				CLANG_WARN_NON_LITERAL_NULL_CONVERSION = YES;
				CLANG_WARN_OBJC_IMPLICIT_RETAIN_SELF = YES;
				CLANG_WARN_OBJC_LITERAL_CONVERSION = YES;
				CLANG_WARN_OBJC_ROOT_CLASS = YES_ERROR;
				CLANG_WARN_QUOTED_INCLUDE_IN_FRAMEWORK_HEADER = YES;
				CLANG_WARN_RANGE_LOOP_ANALYSIS = YES;
				CLANG_WARN_STRICT_PROTOTYPES = YES;
				CLANG_WARN_SUSPICIOUS_MOVE = YES;
				CLANG_WARN_UNGUARDED_AVAILABILITY = YES_AGGRESSIVE;
				CLANG_WARN_UNREACHABLE_CODE = YES;
				CLANG_WARN__DUPLICATE_METHOD_MATCH = YES;
				COPY_PHASE_STRIP = NO;
				DEBUG_INFORMATION_FORMAT = dwarf;
				ENABLE_STRICT_OBJC_MSGSEND = YES;
				ENABLE_TESTABILITY = YES;
				GCC_C_LANGUAGE_STANDARD = gnu11;
				GCC_DYNAMIC_NO_PIC = NO;
				GCC_NO_COMMON_BLOCKS = YES;
				GCC_OPTIMIZATION_LEVEL = 0;
				GCC_PREPROCESSOR_DEFINITIONS = (
					"DEBUG=1",
					"$(inherited)",
				);
				GCC_WARN_64_TO_32_BIT_CONVERSION = YES;
				GCC_WARN_ABOUT_RETURN_TYPE = YES_ERROR;
				GCC_WARN_UNDECLARED_SELECTOR = YES;
				GCC_WARN_UNINITIALIZED_AUTOS = YES_AGGRESSIVE;
				GCC_WARN_UNUSED_FUNCTION = YES;
				GCC_WARN_UNUSED_VARIABLE = YES;
				IPHONEOS_DEPLOYMENT_TARGET = 16.2;
				MTL_ENABLE_DEBUG_INFO = INCLUDE_SOURCE;
				MTL_FAST_MATH = YES;
				ONLY_ACTIVE_ARCH = YES;
				SDKROOT = iphoneos;
				SWIFT_ACTIVE_COMPILATION_CONDITIONS = DEBUG;
				SWIFT_OPTIMIZATION_LEVEL = "-Onone";
			};
			name = Debug;
		};
		03D35CAD2C0CEC3400523AF7 /* Release */ = {
			isa = XCBuildConfiguration;
			buildSettings = {
				ALWAYS_SEARCH_USER_PATHS = NO;
				CLANG_ANALYZER_NONNULL = YES;
				CLANG_ANALYZER_NUMBER_OBJECT_CONVERSION = YES_AGGRESSIVE;
				CLANG_CXX_LANGUAGE_STANDARD = "gnu++20";
				CLANG_ENABLE_MODULES = YES;
				CLANG_ENABLE_OBJC_ARC = YES;
				CLANG_ENABLE_OBJC_WEAK = YES;
				CLANG_WARN_BLOCK_CAPTURE_AUTORELEASING = YES;
				CLANG_WARN_BOOL_CONVERSION = YES;
				CLANG_WARN_COMMA = YES;
				CLANG_WARN_CONSTANT_CONVERSION = YES;
				CLANG_WARN_DEPRECATED_OBJC_IMPLEMENTATIONS = YES;
				CLANG_WARN_DIRECT_OBJC_ISA_USAGE = YES_ERROR;
				CLANG_WARN_DOCUMENTATION_COMMENTS = YES;
				CLANG_WARN_EMPTY_BODY = YES;
				CLANG_WARN_ENUM_CONVERSION = YES;
				CLANG_WARN_INFINITE_RECURSION = YES;
				CLANG_WARN_INT_CONVERSION = YES;
				CLANG_WARN_NON_LITERAL_NULL_CONVERSION = YES;
				CLANG_WARN_OBJC_IMPLICIT_RETAIN_SELF = YES;
				CLANG_WARN_OBJC_LITERAL_CONVERSION = YES;
				CLANG_WARN_OBJC_ROOT_CLASS = YES_ERROR;
				CLANG_WARN_QUOTED_INCLUDE_IN_FRAMEWORK_HEADER = YES;
				CLANG_WARN_RANGE_LOOP_ANALYSIS = YES;
				CLANG_WARN_STRICT_PROTOTYPES = YES;
				CLANG_WARN_SUSPICIOUS_MOVE = YES;
				CLANG_WARN_UNGUARDED_AVAILABILITY = YES_AGGRESSIVE;
				CLANG_WARN_UNREACHABLE_CODE = YES;
				CLANG_WARN__DUPLICATE_METHOD_MATCH = YES;
				COPY_PHASE_STRIP = NO;
				DEBUG_INFORMATION_FORMAT = "dwarf-with-dsym";
				ENABLE_NS_ASSERTIONS = NO;
				ENABLE_STRICT_OBJC_MSGSEND = YES;
				GCC_C_LANGUAGE_STANDARD = gnu11;
				GCC_NO_COMMON_BLOCKS = YES;
				GCC_WARN_64_TO_32_BIT_CONVERSION = YES;
				GCC_WARN_ABOUT_RETURN_TYPE = YES_ERROR;
				GCC_WARN_UNDECLARED_SELECTOR = YES;
				GCC_WARN_UNINITIALIZED_AUTOS = YES_AGGRESSIVE;
				GCC_WARN_UNUSED_FUNCTION = YES;
				GCC_WARN_UNUSED_VARIABLE = YES;
				IPHONEOS_DEPLOYMENT_TARGET = 16.2;
				MTL_ENABLE_DEBUG_INFO = NO;
				MTL_FAST_MATH = YES;
				SDKROOT = iphoneos;
				SWIFT_COMPILATION_MODE = wholemodule;
				SWIFT_OPTIMIZATION_LEVEL = "-O";
				VALIDATE_PRODUCT = YES;
			};
			name = Release;
		};
		03D35CAF2C0CEC3400523AF7 /* Debug */ = {
			isa = XCBuildConfiguration;
			baseConfigurationReference = AB8432A456B335A436588B43 /* Pods-Shopify.debug.xcconfig */;
			buildSettings = {
				ASSETCATALOG_COMPILER_APPICON_NAME = AppIcon;
				ASSETCATALOG_COMPILER_GLOBAL_ACCENT_COLOR_NAME = AccentColor;
				CODE_SIGN_STYLE = Automatic;
				CURRENT_PROJECT_VERSION = 1;
				GENERATE_INFOPLIST_FILE = YES;
				INFOPLIST_FILE = Shopify/Info.plist;
				INFOPLIST_KEY_UIApplicationSupportsIndirectInputEvents = YES;
				INFOPLIST_KEY_UILaunchStoryboardName = LaunchScreen;
				INFOPLIST_KEY_UIMainStoryboardFile = Main;
				INFOPLIST_KEY_UISupportedInterfaceOrientations_iPad = "UIInterfaceOrientationPortrait UIInterfaceOrientationPortraitUpsideDown UIInterfaceOrientationLandscapeLeft UIInterfaceOrientationLandscapeRight";
				INFOPLIST_KEY_UISupportedInterfaceOrientations_iPhone = "UIInterfaceOrientationPortrait UIInterfaceOrientationLandscapeLeft UIInterfaceOrientationLandscapeRight";
				LD_RUNPATH_SEARCH_PATHS = (
					"$(inherited)",
					"@executable_path/Frameworks",
				);
				MARKETING_VERSION = 1.0;
				PRODUCT_BUNDLE_IDENTIFIER = com.iti.Shopify;
				PRODUCT_NAME = "$(TARGET_NAME)";
				SWIFT_EMIT_LOC_STRINGS = YES;
				SWIFT_VERSION = 5.0;
				TARGETED_DEVICE_FAMILY = "1,2";
			};
			name = Debug;
		};
		03D35CB02C0CEC3400523AF7 /* Release */ = {
			isa = XCBuildConfiguration;
			baseConfigurationReference = BD588E001B4F9F18A11CC722 /* Pods-Shopify.release.xcconfig */;
			buildSettings = {
				ASSETCATALOG_COMPILER_APPICON_NAME = AppIcon;
				ASSETCATALOG_COMPILER_GLOBAL_ACCENT_COLOR_NAME = AccentColor;
				CODE_SIGN_STYLE = Automatic;
				CURRENT_PROJECT_VERSION = 1;
				GENERATE_INFOPLIST_FILE = YES;
				INFOPLIST_FILE = Shopify/Info.plist;
				INFOPLIST_KEY_UIApplicationSupportsIndirectInputEvents = YES;
				INFOPLIST_KEY_UILaunchStoryboardName = LaunchScreen;
				INFOPLIST_KEY_UIMainStoryboardFile = Main;
				INFOPLIST_KEY_UISupportedInterfaceOrientations_iPad = "UIInterfaceOrientationPortrait UIInterfaceOrientationPortraitUpsideDown UIInterfaceOrientationLandscapeLeft UIInterfaceOrientationLandscapeRight";
				INFOPLIST_KEY_UISupportedInterfaceOrientations_iPhone = "UIInterfaceOrientationPortrait UIInterfaceOrientationLandscapeLeft UIInterfaceOrientationLandscapeRight";
				LD_RUNPATH_SEARCH_PATHS = (
					"$(inherited)",
					"@executable_path/Frameworks",
				);
				MARKETING_VERSION = 1.0;
				PRODUCT_BUNDLE_IDENTIFIER = com.iti.Shopify;
				PRODUCT_NAME = "$(TARGET_NAME)";
				SWIFT_EMIT_LOC_STRINGS = YES;
				SWIFT_VERSION = 5.0;
				TARGETED_DEVICE_FAMILY = "1,2";
			};
			name = Release;
		};
		03D35CB22C0CEC3400523AF7 /* Debug */ = {
			isa = XCBuildConfiguration;
			baseConfigurationReference = A00D8E516E16CDD62B974972 /* Pods-ShopifyTests.debug.xcconfig */;
			buildSettings = {
				ALWAYS_EMBED_SWIFT_STANDARD_LIBRARIES = YES;
				BUNDLE_LOADER = "$(TEST_HOST)";
				CODE_SIGN_STYLE = Automatic;
				CURRENT_PROJECT_VERSION = 1;
				GENERATE_INFOPLIST_FILE = YES;
				IPHONEOS_DEPLOYMENT_TARGET = 16.2;
				MARKETING_VERSION = 1.0;
				PRODUCT_BUNDLE_IDENTIFIER = com.iti.ShopifyTests;
				PRODUCT_NAME = "$(TARGET_NAME)";
				SWIFT_EMIT_LOC_STRINGS = NO;
				SWIFT_VERSION = 5.0;
				TARGETED_DEVICE_FAMILY = "1,2";
				TEST_HOST = "$(BUILT_PRODUCTS_DIR)/Shopify.app/$(BUNDLE_EXECUTABLE_FOLDER_PATH)/Shopify";
			};
			name = Debug;
		};
		03D35CB32C0CEC3400523AF7 /* Release */ = {
			isa = XCBuildConfiguration;
			baseConfigurationReference = 95B2A733B6C8163058600CF3 /* Pods-ShopifyTests.release.xcconfig */;
			buildSettings = {
				ALWAYS_EMBED_SWIFT_STANDARD_LIBRARIES = YES;
				BUNDLE_LOADER = "$(TEST_HOST)";
				CODE_SIGN_STYLE = Automatic;
				CURRENT_PROJECT_VERSION = 1;
				GENERATE_INFOPLIST_FILE = YES;
				IPHONEOS_DEPLOYMENT_TARGET = 16.2;
				MARKETING_VERSION = 1.0;
				PRODUCT_BUNDLE_IDENTIFIER = com.iti.ShopifyTests;
				PRODUCT_NAME = "$(TARGET_NAME)";
				SWIFT_EMIT_LOC_STRINGS = NO;
				SWIFT_VERSION = 5.0;
				TARGETED_DEVICE_FAMILY = "1,2";
				TEST_HOST = "$(BUILT_PRODUCTS_DIR)/Shopify.app/$(BUNDLE_EXECUTABLE_FOLDER_PATH)/Shopify";
			};
			name = Release;
		};
		03D35CB52C0CEC3400523AF7 /* Debug */ = {
			isa = XCBuildConfiguration;
			baseConfigurationReference = 75A1868325D2BBC64C5D3B5D /* Pods-Shopify-ShopifyUITests.debug.xcconfig */;
			buildSettings = {
				ALWAYS_EMBED_SWIFT_STANDARD_LIBRARIES = YES;
				CODE_SIGN_STYLE = Automatic;
				CURRENT_PROJECT_VERSION = 1;
				GENERATE_INFOPLIST_FILE = YES;
				MARKETING_VERSION = 1.0;
				PRODUCT_BUNDLE_IDENTIFIER = com.iti.ShopifyUITests;
				PRODUCT_NAME = "$(TARGET_NAME)";
				SWIFT_EMIT_LOC_STRINGS = NO;
				SWIFT_VERSION = 5.0;
				TARGETED_DEVICE_FAMILY = "1,2";
				TEST_TARGET_NAME = Shopify;
			};
			name = Debug;
		};
		03D35CB62C0CEC3400523AF7 /* Release */ = {
			isa = XCBuildConfiguration;
			baseConfigurationReference = 32F3EAF027D02D4428DBD6A9 /* Pods-Shopify-ShopifyUITests.release.xcconfig */;
			buildSettings = {
				ALWAYS_EMBED_SWIFT_STANDARD_LIBRARIES = YES;
				CODE_SIGN_STYLE = Automatic;
				CURRENT_PROJECT_VERSION = 1;
				GENERATE_INFOPLIST_FILE = YES;
				MARKETING_VERSION = 1.0;
				PRODUCT_BUNDLE_IDENTIFIER = com.iti.ShopifyUITests;
				PRODUCT_NAME = "$(TARGET_NAME)";
				SWIFT_EMIT_LOC_STRINGS = NO;
				SWIFT_VERSION = 5.0;
				TARGETED_DEVICE_FAMILY = "1,2";
				TEST_TARGET_NAME = Shopify;
			};
			name = Release;
		};
/* End XCBuildConfiguration section */

/* Begin XCConfigurationList section */
		03D35C7C2C0CEC1300523AF7 /* Build configuration list for PBXProject "Shopify" */ = {
			isa = XCConfigurationList;
			buildConfigurations = (
				03D35CAC2C0CEC3400523AF7 /* Debug */,
				03D35CAD2C0CEC3400523AF7 /* Release */,
			);
			defaultConfigurationIsVisible = 0;
			defaultConfigurationName = Release;
		};
		03D35CAE2C0CEC3400523AF7 /* Build configuration list for PBXNativeTarget "Shopify" */ = {
			isa = XCConfigurationList;
			buildConfigurations = (
				03D35CAF2C0CEC3400523AF7 /* Debug */,
				03D35CB02C0CEC3400523AF7 /* Release */,
			);
			defaultConfigurationIsVisible = 0;
			defaultConfigurationName = Release;
		};
		03D35CB12C0CEC3400523AF7 /* Build configuration list for PBXNativeTarget "ShopifyTests" */ = {
			isa = XCConfigurationList;
			buildConfigurations = (
				03D35CB22C0CEC3400523AF7 /* Debug */,
				03D35CB32C0CEC3400523AF7 /* Release */,
			);
			defaultConfigurationIsVisible = 0;
			defaultConfigurationName = Release;
		};
		03D35CB42C0CEC3400523AF7 /* Build configuration list for PBXNativeTarget "ShopifyUITests" */ = {
			isa = XCConfigurationList;
			buildConfigurations = (
				03D35CB52C0CEC3400523AF7 /* Debug */,
				03D35CB62C0CEC3400523AF7 /* Release */,
			);
			defaultConfigurationIsVisible = 0;
			defaultConfigurationName = Release;
		};
/* End XCConfigurationList section */

/* Begin XCVersionGroup section */
		03D35C8D2C0CEC1300523AF7 /* Shopify.xcdatamodeld */ = {
			isa = XCVersionGroup;
			children = (
				03D35C8E2C0CEC1300523AF7 /* Shopify.xcdatamodel */,
			);
			currentVersion = 03D35C8E2C0CEC1300523AF7 /* Shopify.xcdatamodel */;
			path = Shopify.xcdatamodeld;
			sourceTree = "<group>";
			versionGroupType = wrapper.xcdatamodel;
		};
/* End XCVersionGroup section */
	};
	rootObject = 03D35C792C0CEC1300523AF7 /* Project object */;
}
